// !$*UTF8*$!
{
	archiveVersion = 1;
	classes = {
	};
	objectVersion = 56;
	objects = {

/* Begin PBXBuildFile section */
		5ACD6FF329B602A800505A41 /* AppDelegate.swift in Sources */ = {isa = PBXBuildFile; fileRef = 5ACD6FF229B602A800505A41 /* AppDelegate.swift */; };
		5ACD6FF529B602A800505A41 /* SceneDelegate.swift in Sources */ = {isa = PBXBuildFile; fileRef = 5ACD6FF429B602A800505A41 /* SceneDelegate.swift */; };
		5ACD6FF729B602A800505A41 /* ViewController.swift in Sources */ = {isa = PBXBuildFile; fileRef = 5ACD6FF629B602A800505A41 /* ViewController.swift */; };
		5ACD6FFA29B602A800505A41 /* Main.storyboard in Resources */ = {isa = PBXBuildFile; fileRef = 5ACD6FF829B602A800505A41 /* Main.storyboard */; };
		5ACD6FFC29B602A900505A41 /* Assets.xcassets in Resources */ = {isa = PBXBuildFile; fileRef = 5ACD6FFB29B602A900505A41 /* Assets.xcassets */; };
		5ACD6FFF29B602A900505A41 /* LaunchScreen.storyboard in Resources */ = {isa = PBXBuildFile; fileRef = 5ACD6FFD29B602A900505A41 /* LaunchScreen.storyboard */; };
		5ACD700A29B602A900505A41 /* RMakaQuizTests.swift in Sources */ = {isa = PBXBuildFile; fileRef = 5ACD700929B602A900505A41 /* RMakaQuizTests.swift */; };
		5ACD701429B602A900505A41 /* RMakaQuizUITests.swift in Sources */ = {isa = PBXBuildFile; fileRef = 5ACD701329B602A900505A41 /* RMakaQuizUITests.swift */; };
		5ACD701629B602A900505A41 /* RMakaQuizUITestsLaunchTests.swift in Sources */ = {isa = PBXBuildFile; fileRef = 5ACD701529B602A900505A41 /* RMakaQuizUITestsLaunchTests.swift */; };
/* End PBXBuildFile section */

/* Begin PBXContainerItemProxy section */
		5ACD700629B602A900505A41 /* PBXContainerItemProxy */ = {
			isa = PBXContainerItemProxy;
			containerPortal = 5ACD6FE729B602A800505A41 /* Project object */;
			proxyType = 1;
			remoteGlobalIDString = 5ACD6FEE29B602A800505A41;
			remoteInfo = RMakaQuiz;
		};
		5ACD701029B602A900505A41 /* PBXContainerItemProxy */ = {
			isa = PBXContainerItemProxy;
			containerPortal = 5ACD6FE729B602A800505A41 /* Project object */;
			proxyType = 1;
			remoteGlobalIDString = 5ACD6FEE29B602A800505A41;
			remoteInfo = RMakaQuiz;
		};
/* End PBXContainerItemProxy section */

/* Begin PBXFileReference section */
		5ACD6FEF29B602A800505A41 /* RMakaQuiz.app */ = {isa = PBXFileReference; explicitFileType = wrapper.application; includeInIndex = 0; path = RMakaQuiz.app; sourceTree = BUILT_PRODUCTS_DIR; };
		5ACD6FF229B602A800505A41 /* AppDelegate.swift */ = {isa = PBXFileReference; lastKnownFileType = sourcecode.swift; path = AppDelegate.swift; sourceTree = "<group>"; };
		5ACD6FF429B602A800505A41 /* SceneDelegate.swift */ = {isa = PBXFileReference; lastKnownFileType = sourcecode.swift; path = SceneDelegate.swift; sourceTree = "<group>"; };
		5ACD6FF629B602A800505A41 /* ViewController.swift */ = {isa = PBXFileReference; lastKnownFileType = sourcecode.swift; path = ViewController.swift; sourceTree = "<group>"; };
		5ACD6FF929B602A800505A41 /* Base */ = {isa = PBXFileReference; lastKnownFileType = file.storyboard; name = Base; path = Base.lproj/Main.storyboard; sourceTree = "<group>"; };
		5ACD6FFB29B602A900505A41 /* Assets.xcassets */ = {isa = PBXFileReference; lastKnownFileType = folder.assetcatalog; path = Assets.xcassets; sourceTree = "<group>"; };
		5ACD6FFE29B602A900505A41 /* Base */ = {isa = PBXFileReference; lastKnownFileType = file.storyboard; name = Base; path = Base.lproj/LaunchScreen.storyboard; sourceTree = "<group>"; };
		5ACD700029B602A900505A41 /* Info.plist */ = {isa = PBXFileReference; lastKnownFileType = text.plist.xml; path = Info.plist; sourceTree = "<group>"; };
		5ACD700529B602A900505A41 /* RMakaQuizTests.xctest */ = {isa = PBXFileReference; explicitFileType = wrapper.cfbundle; includeInIndex = 0; path = RMakaQuizTests.xctest; sourceTree = BUILT_PRODUCTS_DIR; };
		5ACD700929B602A900505A41 /* RMakaQuizTests.swift */ = {isa = PBXFileReference; lastKnownFileType = sourcecode.swift; path = RMakaQuizTests.swift; sourceTree = "<group>"; };
		5ACD700F29B602A900505A41 /* RMakaQuizUITests.xctest */ = {isa = PBXFileReference; explicitFileType = wrapper.cfbundle; includeInIndex = 0; path = RMakaQuizUITests.xctest; sourceTree = BUILT_PRODUCTS_DIR; };
		5ACD701329B602A900505A41 /* RMakaQuizUITests.swift */ = {isa = PBXFileReference; lastKnownFileType = sourcecode.swift; path = RMakaQuizUITests.swift; sourceTree = "<group>"; };
		5ACD701529B602A900505A41 /* RMakaQuizUITestsLaunchTests.swift */ = {isa = PBXFileReference; lastKnownFileType = sourcecode.swift; path = RMakaQuizUITestsLaunchTests.swift; sourceTree = "<group>"; };
/* End PBXFileReference section */

/* Begin PBXFrameworksBuildPhase section */
		5ACD6FEC29B602A800505A41 /* Frameworks */ = {
			isa = PBXFrameworksBuildPhase;
			buildActionMask = 2147483647;
			files = (
			);
			runOnlyForDeploymentPostprocessing = 0;
		};
		5ACD700229B602A900505A41 /* Frameworks */ = {
			isa = PBXFrameworksBuildPhase;
			buildActionMask = 2147483647;
			files = (
			);
			runOnlyForDeploymentPostprocessing = 0;
		};
		5ACD700C29B602A900505A41 /* Frameworks */ = {
			isa = PBXFrameworksBuildPhase;
			buildActionMask = 2147483647;
			files = (
			);
			runOnlyForDeploymentPostprocessing = 0;
		};
/* End PBXFrameworksBuildPhase section */

/* Begin PBXGroup section */
		5ACD6FE629B602A800505A41 = {
			isa = PBXGroup;
			children = (
				5ACD6FF129B602A800505A41 /* RMakaQuiz */,
				5ACD700829B602A900505A41 /* RMakaQuizTests */,
				5ACD701229B602A900505A41 /* RMakaQuizUITests */,
				5ACD6FF029B602A800505A41 /* Products */,
			);
			sourceTree = "<group>";
		};
		5ACD6FF029B602A800505A41 /* Products */ = {
			isa = PBXGroup;
			children = (
				5ACD6FEF29B602A800505A41 /* RMakaQuiz.app */,
				5ACD700529B602A900505A41 /* RMakaQuizTests.xctest */,
				5ACD700F29B602A900505A41 /* RMakaQuizUITests.xctest */,
			);
			name = Products;
			sourceTree = "<group>";
		};
		5ACD6FF129B602A800505A41 /* RMakaQuiz */ = {
			isa = PBXGroup;
			children = (
				5ACD6FF229B602A800505A41 /* AppDelegate.swift */,
				5ACD6FF429B602A800505A41 /* SceneDelegate.swift */,
				5ACD6FF629B602A800505A41 /* ViewController.swift */,
				5ACD6FF829B602A800505A41 /* Main.storyboard */,
				5ACD6FFB29B602A900505A41 /* Assets.xcassets */,
				5ACD6FFD29B602A900505A41 /* LaunchScreen.storyboard */,
				5ACD700029B602A900505A41 /* Info.plist */,
			);
			path = RMakaQuiz;
			sourceTree = "<group>";
		};
		5ACD700829B602A900505A41 /* RMakaQuizTests */ = {
			isa = PBXGroup;
			children = (
				5ACD700929B602A900505A41 /* RMakaQuizTests.swift */,
			);
			path = RMakaQuizTests;
			sourceTree = "<group>";
		};
		5ACD701229B602A900505A41 /* RMakaQuizUITests */ = {
			isa = PBXGroup;
			children = (
				5ACD701329B602A900505A41 /* RMakaQuizUITests.swift */,
				5ACD701529B602A900505A41 /* RMakaQuizUITestsLaunchTests.swift */,
			);
			path = RMakaQuizUITests;
			sourceTree = "<group>";
		};
/* End PBXGroup section */

/* Begin PBXNativeTarget section */
		5ACD6FEE29B602A800505A41 /* RMakaQuiz */ = {
			isa = PBXNativeTarget;
			buildConfigurationList = 5ACD701929B602AA00505A41 /* Build configuration list for PBXNativeTarget "RMakaQuiz" */;
			buildPhases = (
				5ACD6FEB29B602A800505A41 /* Sources */,
				5ACD6FEC29B602A800505A41 /* Frameworks */,
				5ACD6FED29B602A800505A41 /* Resources */,
			);
			buildRules = (
			);
			dependencies = (
			);
			name = RMakaQuiz;
			productName = RMakaQuiz;
			productReference = 5ACD6FEF29B602A800505A41 /* RMakaQuiz.app */;
			productType = "com.apple.product-type.application";
		};
		5ACD700429B602A900505A41 /* RMakaQuizTests */ = {
			isa = PBXNativeTarget;
			buildConfigurationList = 5ACD701C29B602AA00505A41 /* Build configuration list for PBXNativeTarget "RMakaQuizTests" */;
			buildPhases = (
				5ACD700129B602A900505A41 /* Sources */,
				5ACD700229B602A900505A41 /* Frameworks */,
				5ACD700329B602A900505A41 /* Resources */,
			);
			buildRules = (
			);
			dependencies = (
				5ACD700729B602A900505A41 /* PBXTargetDependency */,
			);
			name = RMakaQuizTests;
			productName = RMakaQuizTests;
			productReference = 5ACD700529B602A900505A41 /* RMakaQuizTests.xctest */;
			productType = "com.apple.product-type.bundle.unit-test";
		};
		5ACD700E29B602A900505A41 /* RMakaQuizUITests */ = {
			isa = PBXNativeTarget;
			buildConfigurationList = 5ACD701F29B602AA00505A41 /* Build configuration list for PBXNativeTarget "RMakaQuizUITests" */;
			buildPhases = (
				5ACD700B29B602A900505A41 /* Sources */,
				5ACD700C29B602A900505A41 /* Frameworks */,
				5ACD700D29B602A900505A41 /* Resources */,
			);
			buildRules = (
			);
			dependencies = (
				5ACD701129B602A900505A41 /* PBXTargetDependency */,
			);
			name = RMakaQuizUITests;
			productName = RMakaQuizUITests;
			productReference = 5ACD700F29B602A900505A41 /* RMakaQuizUITests.xctest */;
			productType = "com.apple.product-type.bundle.ui-testing";
		};
/* End PBXNativeTarget section */

/* Begin PBXProject section */
		5ACD6FE729B602A800505A41 /* Project object */ = {
			isa = PBXProject;
			attributes = {
				BuildIndependentTargetsInParallel = 1;
				LastSwiftUpdateCheck = 1420;
				LastUpgradeCheck = 1420;
				TargetAttributes = {
					5ACD6FEE29B602A800505A41 = {
						CreatedOnToolsVersion = 14.2;
					};
					5ACD700429B602A900505A41 = {
						CreatedOnToolsVersion = 14.2;
						TestTargetID = 5ACD6FEE29B602A800505A41;
					};
					5ACD700E29B602A900505A41 = {
						CreatedOnToolsVersion = 14.2;
						TestTargetID = 5ACD6FEE29B602A800505A41;
					};
				};
			};
			buildConfigurationList = 5ACD6FEA29B602A800505A41 /* Build configuration list for PBXProject "RMakaQuiz" */;
			compatibilityVersion = "Xcode 14.0";
			developmentRegion = en;
			hasScannedForEncodings = 0;
			knownRegions = (
				en,
				Base,
			);
			mainGroup = 5ACD6FE629B602A800505A41;
			productRefGroup = 5ACD6FF029B602A800505A41 /* Products */;
			projectDirPath = "";
			projectRoot = "";
			targets = (
				5ACD6FEE29B602A800505A41 /* RMakaQuiz */,
				5ACD700429B602A900505A41 /* RMakaQuizTests */,
				5ACD700E29B602A900505A41 /* RMakaQuizUITests */,
			);
		};
/* End PBXProject section */

/* Begin PBXResourcesBuildPhase section */
		5ACD6FED29B602A800505A41 /* Resources */ = {
			isa = PBXResourcesBuildPhase;
			buildActionMask = 2147483647;
			files = (
				5ACD6FFF29B602A900505A41 /* LaunchScreen.storyboard in Resources */,
				5ACD6FFC29B602A900505A41 /* Assets.xcassets in Resources */,
				5ACD6FFA29B602A800505A41 /* Main.storyboard in Resources */,
			);
			runOnlyForDeploymentPostprocessing = 0;
		};
		5ACD700329B602A900505A41 /* Resources */ = {
			isa = PBXResourcesBuildPhase;
			buildActionMask = 2147483647;
			files = (
			);
			runOnlyForDeploymentPostprocessing = 0;
		};
		5ACD700D29B602A900505A41 /* Resources */ = {
			isa = PBXResourcesBuildPhase;
			buildActionMask = 2147483647;
			files = (
			);
			runOnlyForDeploymentPostprocessing = 0;
		};
/* End PBXResourcesBuildPhase section */

/* Begin PBXSourcesBuildPhase section */
		5ACD6FEB29B602A800505A41 /* Sources */ = {
			isa = PBXSourcesBuildPhase;
			buildActionMask = 2147483647;
			files = (
				5ACD6FF729B602A800505A41 /* ViewController.swift in Sources */,
				5ACD6FF329B602A800505A41 /* AppDelegate.swift in Sources */,
				5ACD6FF529B602A800505A41 /* SceneDelegate.swift in Sources */,
			);
			runOnlyForDeploymentPostprocessing = 0;
		};
		5ACD700129B602A900505A41 /* Sources */ = {
			isa = PBXSourcesBuildPhase;
			buildActionMask = 2147483647;
			files = (
				5ACD700A29B602A900505A41 /* RMakaQuizTests.swift in Sources */,
			);
			runOnlyForDeploymentPostprocessing = 0;
		};
		5ACD700B29B602A900505A41 /* Sources */ = {
			isa = PBXSourcesBuildPhase;
			buildActionMask = 2147483647;
			files = (
				5ACD701629B602A900505A41 /* RMakaQuizUITestsLaunchTests.swift in Sources */,
				5ACD701429B602A900505A41 /* RMakaQuizUITests.swift in Sources */,
			);
			runOnlyForDeploymentPostprocessing = 0;
		};
/* End PBXSourcesBuildPhase section */

/* Begin PBXTargetDependency section */
		5ACD700729B602A900505A41 /* PBXTargetDependency */ = {
			isa = PBXTargetDependency;
			target = 5ACD6FEE29B602A800505A41 /* RMakaQuiz */;
			targetProxy = 5ACD700629B602A900505A41 /* PBXContainerItemProxy */;
		};
		5ACD701129B602A900505A41 /* PBXTargetDependency */ = {
			isa = PBXTargetDependency;
			target = 5ACD6FEE29B602A800505A41 /* RMakaQuiz */;
			targetProxy = 5ACD701029B602A900505A41 /* PBXContainerItemProxy */;
		};
/* End PBXTargetDependency section */

/* Begin PBXVariantGroup section */
		5ACD6FF829B602A800505A41 /* Main.storyboard */ = {
			isa = PBXVariantGroup;
			children = (
				5ACD6FF929B602A800505A41 /* Base */,
			);
			name = Main.storyboard;
			sourceTree = "<group>";
		};
		5ACD6FFD29B602A900505A41 /* LaunchScreen.storyboard */ = {
			isa = PBXVariantGroup;
			children = (
				5ACD6FFE29B602A900505A41 /* Base */,
			);
			name = LaunchScreen.storyboard;
			sourceTree = "<group>";
		};
/* End PBXVariantGroup section */

/* Begin XCBuildConfiguration section */
		5ACD701729B602AA00505A41 /* Debug */ = {
			isa = XCBuildConfiguration;
			buildSettings = {
				ALWAYS_SEARCH_USER_PATHS = NO;
				CLANG_ANALYZER_NONNULL = YES;
				CLANG_ANALYZER_NUMBER_OBJECT_CONVERSION = YES_AGGRESSIVE;
				CLANG_CXX_LANGUAGE_STANDARD = "gnu++20";
				CLANG_ENABLE_MODULES = YES;
				CLANG_ENABLE_OBJC_ARC = YES;
				CLANG_ENABLE_OBJC_WEAK = YES;
				CLANG_WARN_BLOCK_CAPTURE_AUTORELEASING = YES;
				CLANG_WARN_BOOL_CONVERSION = YES;
				CLANG_WARN_COMMA = YES;
				CLANG_WARN_CONSTANT_CONVERSION = YES;
				CLANG_WARN_DEPRECATED_OBJC_IMPLEMENTATIONS = YES;
				CLANG_WARN_DIRECT_OBJC_ISA_USAGE = YES_ERROR;
				CLANG_WARN_DOCUMENTATION_COMMENTS = YES;
				CLANG_WARN_EMPTY_BODY = YES;
				CLANG_WARN_ENUM_CONVERSION = YES;
				CLANG_WARN_INFINITE_RECURSION = YES;
				CLANG_WARN_INT_CONVERSION = YES;
				CLANG_WARN_NON_LITERAL_NULL_CONVERSION = YES;
				CLANG_WARN_OBJC_IMPLICIT_RETAIN_SELF = YES;
				CLANG_WARN_OBJC_LITERAL_CONVERSION = YES;
				CLANG_WARN_OBJC_ROOT_CLASS = YES_ERROR;
				CLANG_WARN_QUOTED_INCLUDE_IN_FRAMEWORK_HEADER = YES;
				CLANG_WARN_RANGE_LOOP_ANALYSIS = YES;
				CLANG_WARN_STRICT_PROTOTYPES = YES;
				CLANG_WARN_SUSPICIOUS_MOVE = YES;
				CLANG_WARN_UNGUARDED_AVAILABILITY = YES_AGGRESSIVE;
				CLANG_WARN_UNREACHABLE_CODE = YES;
				CLANG_WARN__DUPLICATE_METHOD_MATCH = YES;
				COPY_PHASE_STRIP = NO;
				DEBUG_INFORMATION_FORMAT = dwarf;
				ENABLE_STRICT_OBJC_MSGSEND = YES;
				ENABLE_TESTABILITY = YES;
				GCC_C_LANGUAGE_STANDARD = gnu11;
				GCC_DYNAMIC_NO_PIC = NO;
				GCC_NO_COMMON_BLOCKS = YES;
				GCC_OPTIMIZATION_LEVEL = 0;
				GCC_PREPROCESSOR_DEFINITIONS = (
					"DEBUG=1",
					"$(inherited)",
				);
				GCC_WARN_64_TO_32_BIT_CONVERSION = YES;
				GCC_WARN_ABOUT_RETURN_TYPE = YES_ERROR;
				GCC_WARN_UNDECLARED_SELECTOR = YES;
				GCC_WARN_UNINITIALIZED_AUTOS = YES_AGGRESSIVE;
				GCC_WARN_UNUSED_FUNCTION = YES;
				GCC_WARN_UNUSED_VARIABLE = YES;
				IPHONEOS_DEPLOYMENT_TARGET = 16.2;
				MTL_ENABLE_DEBUG_INFO = INCLUDE_SOURCE;
				MTL_FAST_MATH = YES;
				ONLY_ACTIVE_ARCH = YES;
				SDKROOT = iphoneos;
				SWIFT_ACTIVE_COMPILATION_CONDITIONS = DEBUG;
				SWIFT_OPTIMIZATION_LEVEL = "-Onone";
			};
			name = Debug;
		};
		5ACD701829B602AA00505A41 /* Release */ = {
			isa = XCBuildConfiguration;
			buildSettings = {
				ALWAYS_SEARCH_USER_PATHS = NO;
				CLANG_ANALYZER_NONNULL = YES;
				CLANG_ANALYZER_NUMBER_OBJECT_CONVERSION = YES_AGGRESSIVE;
				CLANG_CXX_LANGUAGE_STANDARD = "gnu++20";
				CLANG_ENABLE_MODULES = YES;
				CLANG_ENABLE_OBJC_ARC = YES;
				CLANG_ENABLE_OBJC_WEAK = YES;
				CLANG_WARN_BLOCK_CAPTURE_AUTORELEASING = YES;
				CLANG_WARN_BOOL_CONVERSION = YES;
				CLANG_WARN_COMMA = YES;
				CLANG_WARN_CONSTANT_CONVERSION = YES;
				CLANG_WARN_DEPRECATED_OBJC_IMPLEMENTATIONS = YES;
				CLANG_WARN_DIRECT_OBJC_ISA_USAGE = YES_ERROR;
				CLANG_WARN_DOCUMENTATION_COMMENTS = YES;
				CLANG_WARN_EMPTY_BODY = YES;
				CLANG_WARN_ENUM_CONVERSION = YES;
				CLANG_WARN_INFINITE_RECURSION = YES;
				CLANG_WARN_INT_CONVERSION = YES;
				CLANG_WARN_NON_LITERAL_NULL_CONVERSION = YES;
				CLANG_WARN_OBJC_IMPLICIT_RETAIN_SELF = YES;
				CLANG_WARN_OBJC_LITERAL_CONVERSION = YES;
				CLANG_WARN_OBJC_ROOT_CLASS = YES_ERROR;
				CLANG_WARN_QUOTED_INCLUDE_IN_FRAMEWORK_HEADER = YES;
				CLANG_WARN_RANGE_LOOP_ANALYSIS = YES;
				CLANG_WARN_STRICT_PROTOTYPES = YES;
				CLANG_WARN_SUSPICIOUS_MOVE = YES;
				CLANG_WARN_UNGUARDED_AVAILABILITY = YES_AGGRESSIVE;
				CLANG_WARN_UNREACHABLE_CODE = YES;
				CLANG_WARN__DUPLICATE_METHOD_MATCH = YES;
				COPY_PHASE_STRIP = NO;
				DEBUG_INFORMATION_FORMAT = "dwarf-with-dsym";
				ENABLE_NS_ASSERTIONS = NO;
				ENABLE_STRICT_OBJC_MSGSEND = YES;
				GCC_C_LANGUAGE_STANDARD = gnu11;
				GCC_NO_COMMON_BLOCKS = YES;
				GCC_WARN_64_TO_32_BIT_CONVERSION = YES;
				GCC_WARN_ABOUT_RETURN_TYPE = YES_ERROR;
				GCC_WARN_UNDECLARED_SELECTOR = YES;
				GCC_WARN_UNINITIALIZED_AUTOS = YES_AGGRESSIVE;
				GCC_WARN_UNUSED_FUNCTION = YES;
				GCC_WARN_UNUSED_VARIABLE = YES;
				IPHONEOS_DEPLOYMENT_TARGET = 16.2;
				MTL_ENABLE_DEBUG_INFO = NO;
				MTL_FAST_MATH = YES;
				SDKROOT = iphoneos;
				SWIFT_COMPILATION_MODE = wholemodule;
				SWIFT_OPTIMIZATION_LEVEL = "-O";
				VALIDATE_PRODUCT = YES;
			};
			name = Release;
		};
		5ACD701A29B602AA00505A41 /* Debug */ = {
			isa = XCBuildConfiguration;
			buildSettings = {
				ASSETCATALOG_COMPILER_APPICON_NAME = AppIcon;
				ASSETCATALOG_COMPILER_GLOBAL_ACCENT_COLOR_NAME = AccentColor;
				CODE_SIGN_STYLE = Automatic;
				CURRENT_PROJECT_VERSION = 1;
				DEVELOPMENT_TEAM = 5BRAJ87SV2;
				GENERATE_INFOPLIST_FILE = YES;
				INFOPLIST_FILE = RMakaQuiz/Info.plist;
				INFOPLIST_KEY_UIApplicationSupportsIndirectInputEvents = YES;
				INFOPLIST_KEY_UILaunchStoryboardName = LaunchScreen;
				INFOPLIST_KEY_UIMainStoryboardFile = Main;
				INFOPLIST_KEY_UISupportedInterfaceOrientations_iPad = "UIInterfaceOrientationPortrait UIInterfaceOrientationPortraitUpsideDown UIInterfaceOrientationLandscapeLeft UIInterfaceOrientationLandscapeRight";
				INFOPLIST_KEY_UISupportedInterfaceOrientations_iPhone = "UIInterfaceOrientationPortrait UIInterfaceOrientationLandscapeLeft UIInterfaceOrientationLandscapeRight";
				LD_RUNPATH_SEARCH_PATHS = (
					"$(inherited)",
					"@executable_path/Frameworks",
				);
				MARKETING_VERSION = 1.0;
				PRODUCT_BUNDLE_IDENTIFIER = test.RMakaQuiz;
				PRODUCT_NAME = "$(TARGET_NAME)";
				SWIFT_EMIT_LOC_STRINGS = YES;
				SWIFT_VERSION = 5.0;
				TARGETED_DEVICE_FAMILY = "1,2";
			};
			name = Debug;
		};
		5ACD701B29B602AA00505A41 /* Release */ = {
			isa = XCBuildConfiguration;
			buildSettings = {
				ASSETCATALOG_COMPILER_APPICON_NAME = AppIcon;
				ASSETCATALOG_COMPILER_GLOBAL_ACCENT_COLOR_NAME = AccentColor;
				CODE_SIGN_STYLE = Automatic;
				CURRENT_PROJECT_VERSION = 1;
				DEVELOPMENT_TEAM = 5BRAJ87SV2;
				GENERATE_INFOPLIST_FILE = YES;
				INFOPLIST_FILE = RMakaQuiz/Info.plist;
				INFOPLIST_KEY_UIApplicationSupportsIndirectInputEvents = YES;
				INFOPLIST_KEY_UILaunchStoryboardName = LaunchScreen;
				INFOPLIST_KEY_UIMainStoryboardFile = Main;
				INFOPLIST_KEY_UISupportedInterfaceOrientations_iPad = "UIInterfaceOrientationPortrait UIInterfaceOrientationPortraitUpsideDown UIInterfaceOrientationLandscapeLeft UIInterfaceOrientationLandscapeRight";
				INFOPLIST_KEY_UISupportedInterfaceOrientations_iPhone = "UIInterfaceOrientationPortrait UIInterfaceOrientationLandscapeLeft UIInterfaceOrientationLandscapeRight";
				LD_RUNPATH_SEARCH_PATHS = (
					"$(inherited)",
					"@executable_path/Frameworks",
				);
				MARKETING_VERSION = 1.0;
				PRODUCT_BUNDLE_IDENTIFIER = test.RMakaQuiz;
				PRODUCT_NAME = "$(TARGET_NAME)";
				SWIFT_EMIT_LOC_STRINGS = YES;
				SWIFT_VERSION = 5.0;
				TARGETED_DEVICE_FAMILY = "1,2";
			};
			name = Release;
		};
		5ACD701D29B602AA00505A41 /* Debug */ = {
			isa = XCBuildConfiguration;
			buildSettings = {
				ALWAYS_EMBED_SWIFT_STANDARD_LIBRARIES = YES;
				BUNDLE_LOADER = "$(TEST_HOST)";
				CODE_SIGN_STYLE = Automatic;
				CURRENT_PROJECT_VERSION = 1;
				DEVELOPMENT_TEAM = 5BRAJ87SV2;
				GENERATE_INFOPLIST_FILE = YES;
				IPHONEOS_DEPLOYMENT_TARGET = 16.2;
				MARKETING_VERSION = 1.0;
				PRODUCT_BUNDLE_IDENTIFIER = test.RMakaQuizTests;
				PRODUCT_NAME = "$(TARGET_NAME)";
				SWIFT_EMIT_LOC_STRINGS = NO;
				SWIFT_VERSION = 5.0;
				TARGETED_DEVICE_FAMILY = "1,2";
				TEST_HOST = "$(BUILT_PRODUCTS_DIR)/RMakaQuiz.app/$(BUNDLE_EXECUTABLE_FOLDER_PATH)/RMakaQuiz";
			};
			name = Debug;
		};
		5ACD701E29B602AA00505A41 /* Release */ = {
			isa = XCBuildConfiguration;
			buildSettings = {
				ALWAYS_EMBED_SWIFT_STANDARD_LIBRARIES = YES;
				BUNDLE_LOADER = "$(TEST_HOST)";
				CODE_SIGN_STYLE = Automatic;
				CURRENT_PROJECT_VERSION = 1;
				DEVELOPMENT_TEAM = 5BRAJ87SV2;
				GENERATE_INFOPLIST_FILE = YES;
				IPHONEOS_DEPLOYMENT_TARGET = 16.2;
				MARKETING_VERSION = 1.0;
				PRODUCT_BUNDLE_IDENTIFIER = test.RMakaQuizTests;
				PRODUCT_NAME = "$(TARGET_NAME)";
				SWIFT_EMIT_LOC_STRINGS = NO;
				SWIFT_VERSION = 5.0;
				TARGETED_DEVICE_FAMILY = "1,2";
				TEST_HOST = "$(BUILT_PRODUCTS_DIR)/RMakaQuiz.app/$(BUNDLE_EXECUTABLE_FOLDER_PATH)/RMakaQuiz";
			};
			name = Release;
		};
		5ACD702029B602AA00505A41 /* Debug */ = {
			isa = XCBuildConfiguration;
			buildSettings = {
				ALWAYS_EMBED_SWIFT_STANDARD_LIBRARIES = YES;
				CODE_SIGN_STYLE = Automatic;
				CURRENT_PROJECT_VERSION = 1;
				DEVELOPMENT_TEAM = 5BRAJ87SV2;
				GENERATE_INFOPLIST_FILE = YES;
				MARKETING_VERSION = 1.0;
				PRODUCT_BUNDLE_IDENTIFIER = test.RMakaQuizUITests;
				PRODUCT_NAME = "$(TARGET_NAME)";
				SWIFT_EMIT_LOC_STRINGS = NO;
				SWIFT_VERSION = 5.0;
				TARGETED_DEVICE_FAMILY = "1,2";
				TEST_TARGET_NAME = RMakaQuiz;
			};
			name = Debug;
		};
		5ACD702129B602AA00505A41 /* Release */ = {
			isa = XCBuildConfiguration;
			buildSettings = {
				ALWAYS_EMBED_SWIFT_STANDARD_LIBRARIES = YES;
				CODE_SIGN_STYLE = Automatic;
				CURRENT_PROJECT_VERSION = 1;
				DEVELOPMENT_TEAM = 5BRAJ87SV2;
				GENERATE_INFOPLIST_FILE = YES;
				MARKETING_VERSION = 1.0;
				PRODUCT_BUNDLE_IDENTIFIER = test.RMakaQuizUITests;
				PRODUCT_NAME = "$(TARGET_NAME)";
				SWIFT_EMIT_LOC_STRINGS = NO;
				SWIFT_VERSION = 5.0;
				TARGETED_DEVICE_FAMILY = "1,2";
				TEST_TARGET_NAME = RMakaQuiz;
			};
			name = Release;
		};
/* End XCBuildConfiguration section */

/* Begin XCConfigurationList section */
		5ACD6FEA29B602A800505A41 /* Build configuration list for PBXProject "RMakaQuiz" */ = {
			isa = XCConfigurationList;
			buildConfigurations = (
				5ACD701729B602AA00505A41 /* Debug */,
				5ACD701829B602AA00505A41 /* Release */,
			);
			defaultConfigurationIsVisible = 0;
			defaultConfigurationName = Release;
		};
		5ACD701929B602AA00505A41 /* Build configuration list for PBXNativeTarget "RMakaQuiz" */ = {
			isa = XCConfigurationList;
			buildConfigurations = (
				5ACD701A29B602AA00505A41 /* Debug */,
				5ACD701B29B602AA00505A41 /* Release */,
			);
			defaultConfigurationIsVisible = 0;
			defaultConfigurationName = Release;
		};
		5ACD701C29B602AA00505A41 /* Build configuration list for PBXNativeTarget "RMakaQuizTests" */ = {
			isa = XCConfigurationList;
			buildConfigurations = (
				5ACD701D29B602AA00505A41 /* Debug */,
				5ACD701E29B602AA00505A41 /* Release */,
			);
			defaultConfigurationIsVisible = 0;
			defaultConfigurationName = Release;
		};
		5ACD701F29B602AA00505A41 /* Build configuration list for PBXNativeTarget "RMakaQuizUITests" */ = {
			isa = XCConfigurationList;
			buildConfigurations = (
				5ACD702029B602AA00505A41 /* Debug */,
				5ACD702129B602AA00505A41 /* Release */,
			);
			defaultConfigurationIsVisible = 0;
			defaultConfigurationName = Release;
		};
/* End XCConfigurationList section */
	};
	rootObject = 5ACD6FE729B602A800505A41 /* Project object */;
}
